PODS:
  - Droar (2.0.1):
    - SDVersion
  - netfox (1.19.0)
  - netfox-Droar (1.1.7):
    - Droar
    - netfox
  - SDVersion (4.3.2)

DEPENDENCIES:
  - Droar
  - netfox
  - netfox-Droar (from `../`)

SPEC REPOS:
  trunk:
    - Droar
    - netfox
    - SDVersion

EXTERNAL SOURCES:
  netfox-Droar:
    :path: "../"

SPEC CHECKSUMS:
  Droar: bd8a5213c4bc0bd5f31a403552fcf1ef83041ab5
  netfox: efeec1d23406df6cd605212f09a40957bb5654eb
  netfox-Droar: 833ef5ec788ce480e8d3d5816bb8d0aa3dac84a9
  SDVersion: 18f32c835c1543611fcfae3c6accd9a04b90597e

PODFILE CHECKSUM: 3a5b9acfc1c617a33eddd5fd8d1c67555465bd35

COCOAPODS: 1.10.0
