PODS:
  - Droar (1.0.10):
    - SDVersion
  - netfox (1.10.1)
  - netfox-Droar (1.0.0):
    - Droar
    - netfox
  - SDVersion (4.3.1)

DEPENDENCIES:
  - Droar
  - netfox
  - netfox-Droar (from `../`)

EXTERNAL SOURCES:
  netfox-Droar:
    :path: ../

SPEC CHECKSUMS:
  Droar: 875c4cfbe906cf2cedfa819417000d94615d17e4
  netfox: 73f58b164e72fdba39aa68c46792d259745c0a5a
  netfox-Droar: 63d35be20f1082b6a33af866da4fd6325e37e9bf
  SDVersion: f89668d817ccfee16a57fc279030635bd2ad8fae

PODFILE CHECKSUM: de3d4a8e7b4da6d7146318d88b07f5e326cb85d8

COCOAPODS: 1.3.1
